
Microsoft Visual Studio Solution File, Format Version 12.00
# Visual Studio Version 17
VisualStudioVersion = 17.6.33723.286
MinimumVisualStudioVersion = 10.0.40219.1
Project("{2150E333-8FDC-42A3-9474-1A3956D46DE8}") = "Application", "Application", "{42395556-CC2E-4E00-B865-755A230C7021}"
EndProject
Project("{2150E333-8FDC-42A3-9474-1A3956D46DE8}") = "Tools", "Tools", "{AE0B20C1-311A-41A5-9770-74AD1DACFCD1}"
EndProject
Project("{9A19103F-16F7-4668-BE54-9A1E7A4F7556}") = "Models", "Application\Models\Models.csproj", "{D6F75A64-067A-4CA3-8441-AE28486D1B1D}"
EndProject
Project("{9A19103F-16F7-4668-BE54-9A1E7A4F7556}") = "PracticeWithTypes", "Tools\PracticeWithTypes\PracticeWithTypes.csproj", "{C2BF1A12-4D61-45C8-88F9-ECD0560A4B1F}"
EndProject
Project("{9A19103F-16F7-4668-BE54-9A1E7A4F7556}") = "Services", "Application\Services\Services.csproj", "{FA5EE77C-5108-476B-B12E-E7F335A8692F}"
EndProject
Project("{9A19103F-16F7-4668-BE54-9A1E7A4F7556}") = "PracticeWithCasting", "Tools\PracticeWithCasting\PracticeWithCasting.csproj", "{9CB459B0-F9E8-4EF5-B3EE-34F4AECF5D88}"
EndProject
Project("{9A19103F-16F7-4668-BE54-9A1E7A4F7556}") = "PracticeWithINotifyPropertyChanged", "Tools\PracticeWithINotifyPropertyChanged\PracticeWithINotifyPropertyChanged.csproj", "{5329CC6F-97C9-4F46-95CB-B94A6BD663B9}"
EndProject
Project("{9A19103F-16F7-4668-BE54-9A1E7A4F7556}") = "PracticeWithListDictionaryBogus", "Tools\PracticeWithListDictionaryBogus\PracticeWithListDictionaryBogus.csproj", "{9C71C84F-6418-441D-93BC-625FC7BC3097}"
EndProject
Project("{9A19103F-16F7-4668-BE54-9A1E7A4F7556}") = "ServiceTests.Tests", "Application\ServiceTests\ServiceTests.Tests.csproj", "{2E7959D1-7B7F-493D-A16A-44AB64F07380}"
EndProject
Project("{9A19103F-16F7-4668-BE54-9A1E7A4F7556}") = "PracticeWithIComparable", "Tools\PracticeWithIComparable\PracticeWithIComparable.csproj", "{AC48F3BE-4B94-4D7A-AC42-B5E7DB609957}"
EndProject
Project("{2150E333-8FDC-42A3-9474-1A3956D46DE8}") = "ApplicationDb", "ApplicationDb", "{B5164F30-D72E-4BCE-B967-A1C4AF2725BE}"
EndProject
Project("{9A19103F-16F7-4668-BE54-9A1E7A4F7556}") = "EntityModels", "ApplicationDb\Models\EntityModels.csproj", "{F7A4FDEF-790E-40D0-AA6F-D8FDA0A462DF}"
EndProject
Project("{9A19103F-16F7-4668-BE54-9A1E7A4F7556}") = "ServicesDb", "ApplicationDb\ServicesDb\ServicesDb.csproj", "{A4463538-3F65-4A4B-A23B-1DF4ED828127}"
EndProject
Project("{9A19103F-16F7-4668-BE54-9A1E7A4F7556}") = "ServicesDbTests.Tests", "ApplicationDb\ServicesDbTests.Tests\ServicesDbTests.Tests.csproj", "{BF6E30EF-717C-4C2F-B848-FA1CE160B744}"
EndProject
Project("{2150E333-8FDC-42A3-9474-1A3956D46DE8}") = "SqlPractice", "SqlPractice", "{0E3E5760-789C-43D7-B82C-36863635FBEA}"
EndProject
Project("{9A19103F-16F7-4668-BE54-9A1E7A4F7556}") = "ExportTool", "ApplicationDb\ExportTool\ExportTool.csproj", "{629E2EAF-6E00-4C01-A4F4-12FFCF10984A}"
EndProject
Global
	GlobalSection(SolutionConfigurationPlatforms) = preSolution
		Debug|Any CPU = Debug|Any CPU
		Release|Any CPU = Release|Any CPU
	EndGlobalSection
	GlobalSection(ProjectConfigurationPlatforms) = postSolution
		{D6F75A64-067A-4CA3-8441-AE28486D1B1D}.Debug|Any CPU.ActiveCfg = Debug|Any CPU
		{D6F75A64-067A-4CA3-8441-AE28486D1B1D}.Debug|Any CPU.Build.0 = Debug|Any CPU
		{D6F75A64-067A-4CA3-8441-AE28486D1B1D}.Release|Any CPU.ActiveCfg = Release|Any CPU
		{D6F75A64-067A-4CA3-8441-AE28486D1B1D}.Release|Any CPU.Build.0 = Release|Any CPU
		{C2BF1A12-4D61-45C8-88F9-ECD0560A4B1F}.Debug|Any CPU.ActiveCfg = Debug|Any CPU
		{C2BF1A12-4D61-45C8-88F9-ECD0560A4B1F}.Debug|Any CPU.Build.0 = Debug|Any CPU
		{C2BF1A12-4D61-45C8-88F9-ECD0560A4B1F}.Release|Any CPU.ActiveCfg = Release|Any CPU
		{C2BF1A12-4D61-45C8-88F9-ECD0560A4B1F}.Release|Any CPU.Build.0 = Release|Any CPU
		{FA5EE77C-5108-476B-B12E-E7F335A8692F}.Debug|Any CPU.ActiveCfg = Debug|Any CPU
		{FA5EE77C-5108-476B-B12E-E7F335A8692F}.Debug|Any CPU.Build.0 = Debug|Any CPU
		{FA5EE77C-5108-476B-B12E-E7F335A8692F}.Release|Any CPU.ActiveCfg = Release|Any CPU
		{FA5EE77C-5108-476B-B12E-E7F335A8692F}.Release|Any CPU.Build.0 = Release|Any CPU
		{9CB459B0-F9E8-4EF5-B3EE-34F4AECF5D88}.Debug|Any CPU.ActiveCfg = Debug|Any CPU
		{9CB459B0-F9E8-4EF5-B3EE-34F4AECF5D88}.Debug|Any CPU.Build.0 = Debug|Any CPU
		{9CB459B0-F9E8-4EF5-B3EE-34F4AECF5D88}.Release|Any CPU.ActiveCfg = Release|Any CPU
		{9CB459B0-F9E8-4EF5-B3EE-34F4AECF5D88}.Release|Any CPU.Build.0 = Release|Any CPU
		{5329CC6F-97C9-4F46-95CB-B94A6BD663B9}.Debug|Any CPU.ActiveCfg = Debug|Any CPU
		{5329CC6F-97C9-4F46-95CB-B94A6BD663B9}.Debug|Any CPU.Build.0 = Debug|Any CPU
		{5329CC6F-97C9-4F46-95CB-B94A6BD663B9}.Release|Any CPU.ActiveCfg = Release|Any CPU
		{5329CC6F-97C9-4F46-95CB-B94A6BD663B9}.Release|Any CPU.Build.0 = Release|Any CPU
		{9C71C84F-6418-441D-93BC-625FC7BC3097}.Debug|Any CPU.ActiveCfg = Debug|Any CPU
		{9C71C84F-6418-441D-93BC-625FC7BC3097}.Debug|Any CPU.Build.0 = Debug|Any CPU
		{9C71C84F-6418-441D-93BC-625FC7BC3097}.Release|Any CPU.ActiveCfg = Release|Any CPU
		{9C71C84F-6418-441D-93BC-625FC7BC3097}.Release|Any CPU.Build.0 = Release|Any CPU
		{2E7959D1-7B7F-493D-A16A-44AB64F07380}.Debug|Any CPU.ActiveCfg = Debug|Any CPU
		{2E7959D1-7B7F-493D-A16A-44AB64F07380}.Debug|Any CPU.Build.0 = Debug|Any CPU
		{2E7959D1-7B7F-493D-A16A-44AB64F07380}.Release|Any CPU.ActiveCfg = Release|Any CPU
		{2E7959D1-7B7F-493D-A16A-44AB64F07380}.Release|Any CPU.Build.0 = Release|Any CPU
		{AC48F3BE-4B94-4D7A-AC42-B5E7DB609957}.Debug|Any CPU.ActiveCfg = Debug|Any CPU
		{AC48F3BE-4B94-4D7A-AC42-B5E7DB609957}.Debug|Any CPU.Build.0 = Debug|Any CPU
		{AC48F3BE-4B94-4D7A-AC42-B5E7DB609957}.Release|Any CPU.ActiveCfg = Release|Any CPU
		{AC48F3BE-4B94-4D7A-AC42-B5E7DB609957}.Release|Any CPU.Build.0 = Release|Any CPU
		{F7A4FDEF-790E-40D0-AA6F-D8FDA0A462DF}.Debug|Any CPU.ActiveCfg = Debug|Any CPU
		{F7A4FDEF-790E-40D0-AA6F-D8FDA0A462DF}.Debug|Any CPU.Build.0 = Debug|Any CPU
		{F7A4FDEF-790E-40D0-AA6F-D8FDA0A462DF}.Release|Any CPU.ActiveCfg = Release|Any CPU
		{F7A4FDEF-790E-40D0-AA6F-D8FDA0A462DF}.Release|Any CPU.Build.0 = Release|Any CPU
		{A4463538-3F65-4A4B-A23B-1DF4ED828127}.Debug|Any CPU.ActiveCfg = Debug|Any CPU
		{A4463538-3F65-4A4B-A23B-1DF4ED828127}.Debug|Any CPU.Build.0 = Debug|Any CPU
		{A4463538-3F65-4A4B-A23B-1DF4ED828127}.Release|Any CPU.ActiveCfg = Release|Any CPU
		{A4463538-3F65-4A4B-A23B-1DF4ED828127}.Release|Any CPU.Build.0 = Release|Any CPU
		{BF6E30EF-717C-4C2F-B848-FA1CE160B744}.Debug|Any CPU.ActiveCfg = Debug|Any CPU
		{BF6E30EF-717C-4C2F-B848-FA1CE160B744}.Debug|Any CPU.Build.0 = Debug|Any CPU
		{BF6E30EF-717C-4C2F-B848-FA1CE160B744}.Release|Any CPU.ActiveCfg = Release|Any CPU
		{BF6E30EF-717C-4C2F-B848-FA1CE160B744}.Release|Any CPU.Build.0 = Release|Any CPU
		{629E2EAF-6E00-4C01-A4F4-12FFCF10984A}.Debug|Any CPU.ActiveCfg = Debug|Any CPU
		{629E2EAF-6E00-4C01-A4F4-12FFCF10984A}.Debug|Any CPU.Build.0 = Debug|Any CPU
		{629E2EAF-6E00-4C01-A4F4-12FFCF10984A}.Release|Any CPU.ActiveCfg = Release|Any CPU
		{629E2EAF-6E00-4C01-A4F4-12FFCF10984A}.Release|Any CPU.Build.0 = Release|Any CPU
	EndGlobalSection
	GlobalSection(SolutionProperties) = preSolution
		HideSolutionNode = FALSE
	EndGlobalSection
	GlobalSection(NestedProjects) = preSolution
		{D6F75A64-067A-4CA3-8441-AE28486D1B1D} = {42395556-CC2E-4E00-B865-755A230C7021}
		{C2BF1A12-4D61-45C8-88F9-ECD0560A4B1F} = {AE0B20C1-311A-41A5-9770-74AD1DACFCD1}
		{FA5EE77C-5108-476B-B12E-E7F335A8692F} = {42395556-CC2E-4E00-B865-755A230C7021}
		{9CB459B0-F9E8-4EF5-B3EE-34F4AECF5D88} = {AE0B20C1-311A-41A5-9770-74AD1DACFCD1}
		{5329CC6F-97C9-4F46-95CB-B94A6BD663B9} = {AE0B20C1-311A-41A5-9770-74AD1DACFCD1}
		{9C71C84F-6418-441D-93BC-625FC7BC3097} = {AE0B20C1-311A-41A5-9770-74AD1DACFCD1}
		{2E7959D1-7B7F-493D-A16A-44AB64F07380} = {42395556-CC2E-4E00-B865-755A230C7021}
		{AC48F3BE-4B94-4D7A-AC42-B5E7DB609957} = {AE0B20C1-311A-41A5-9770-74AD1DACFCD1}
		{F7A4FDEF-790E-40D0-AA6F-D8FDA0A462DF} = {B5164F30-D72E-4BCE-B967-A1C4AF2725BE}
		{A4463538-3F65-4A4B-A23B-1DF4ED828127} = {B5164F30-D72E-4BCE-B967-A1C4AF2725BE}
		{BF6E30EF-717C-4C2F-B848-FA1CE160B744} = {B5164F30-D72E-4BCE-B967-A1C4AF2725BE}
		{629E2EAF-6E00-4C01-A4F4-12FFCF10984A} = {B5164F30-D72E-4BCE-B967-A1C4AF2725BE}
	EndGlobalSection
	GlobalSection(ExtensibilityGlobals) = postSolution
		SolutionGuid = {B3D6B427-113B-4AB6-833C-223840D86F09}
	EndGlobalSection
EndGlobal
