
Microsoft Visual Studio Solution File, Format Version 12.00
# Visual Studio Version 17
VisualStudioVersion = 17.6.33723.286
MinimumVisualStudioVersion = 10.0.40219.1
Project("{2150E333-8FDC-42A3-9474-1A3956D46DE8}") = "Application", "Application", "{42395556-CC2E-4E00-B865-755A230C7021}"
EndProject
Project("{2150E333-8FDC-42A3-9474-1A3956D46DE8}") = "Tools", "Tools", "{AE0B20C1-311A-41A5-9770-74AD1DACFCD1}"
EndProject
Project("{FAE04EC0-301F-11D3-BF4B-00C04F79EFBC}") = "Models", "Models\Models.csproj", "{D6F75A64-067A-4CA3-8441-AE28486D1B1D}"
EndProject
Project("{FAE04EC0-301F-11D3-BF4B-00C04F79EFBC}") = "PracticeWithTypes", "PracticeWithTypes\PracticeWithTypes.csproj", "{C2BF1A12-4D61-45C8-88F9-ECD0560A4B1F}"
EndProject
Global
	GlobalSection(SolutionConfigurationPlatforms) = preSolution
		Debug|Any CPU = Debug|Any CPU
		Release|Any CPU = Release|Any CPU
	EndGlobalSection
	GlobalSection(ProjectConfigurationPlatforms) = postSolution
		{D6F75A64-067A-4CA3-8441-AE28486D1B1D}.Debug|Any CPU.ActiveCfg = Debug|Any CPU
		{D6F75A64-067A-4CA3-8441-AE28486D1B1D}.Debug|Any CPU.Build.0 = Debug|Any CPU
		{D6F75A64-067A-4CA3-8441-AE28486D1B1D}.Release|Any CPU.ActiveCfg = Release|Any CPU
		{D6F75A64-067A-4CA3-8441-AE28486D1B1D}.Release|Any CPU.Build.0 = Release|Any CPU
		{C2BF1A12-4D61-45C8-88F9-ECD0560A4B1F}.Debug|Any CPU.ActiveCfg = Debug|Any CPU
		{C2BF1A12-4D61-45C8-88F9-ECD0560A4B1F}.Debug|Any CPU.Build.0 = Debug|Any CPU
		{C2BF1A12-4D61-45C8-88F9-ECD0560A4B1F}.Release|Any CPU.ActiveCfg = Release|Any CPU
		{C2BF1A12-4D61-45C8-88F9-ECD0560A4B1F}.Release|Any CPU.Build.0 = Release|Any CPU
	EndGlobalSection
	GlobalSection(SolutionProperties) = preSolution
		HideSolutionNode = FALSE
	EndGlobalSection
	GlobalSection(NestedProjects) = preSolution
		{D6F75A64-067A-4CA3-8441-AE28486D1B1D} = {42395556-CC2E-4E00-B865-755A230C7021}
		{C2BF1A12-4D61-45C8-88F9-ECD0560A4B1F} = {AE0B20C1-311A-41A5-9770-74AD1DACFCD1}
	EndGlobalSection
	GlobalSection(ExtensibilityGlobals) = postSolution
		SolutionGuid = {B3D6B427-113B-4AB6-833C-223840D86F09}
	EndGlobalSection
EndGlobal
